PODS:
  - Firebase/CoreOnly (12.8.0):
    - FirebaseCore (~> 12.8.0)
  - Firebase/Database (12.8.0):
    - Firebase/CoreOnly
    - FirebaseDatabase (~> 12.8.0)
  - firebase_core (4.4.0):
    - Firebase/CoreOnly (= 12.8.0)
    - Flutter
  - firebase_database (12.1.2):
    - Firebase/Database (= 12.8.0)
    - firebase_core
    - Flutter
  - FirebaseAppCheckInterop (12.8.0)
  - FirebaseCore (12.8.0):
    - FirebaseCoreInternal (~> 12.8.0)
    - GoogleUtilities/Environment (~> 8.1)
    - GoogleUtilities/Logger (~> 8.1)
  - FirebaseCoreInternal (12.8.0):
    - "GoogleUtilities/NSData+zlib (~> 8.1)"
  - FirebaseDatabase (12.8.0):
    - FirebaseAppCheckInterop (~> 12.8.0)
    - FirebaseCore (~> 12.8.0)
    - FirebaseSharedSwift (~> 12.8.0)
    - GoogleUtilities/UserDefaults (~> 8.1)
    - leveldb-library (~> 1.22)
  - FirebaseSharedSwift (12.8.0)
  - Flutter (1.0.0)
  - GoogleUtilities/Environment (8.1.0):
    - GoogleUtilities/Privacy
  - GoogleUtilities/Logger (8.1.0):
    - GoogleUtilities/Environment
    - GoogleUtilities/Privacy
  - "GoogleUtilities/NSData+zlib (8.1.0)":
    - GoogleUtilities/Privacy
  - GoogleUtilities/Privacy (8.1.0)
  - GoogleUtilities/UserDefaults (8.1.0):
    - GoogleUtilities/Logger
    - GoogleUtilities/Privacy
  - leveldb-library (1.22.6)

DEPENDENCIES:
  - firebase_core (from `.symlinks/plugins/firebase_core/ios`)
  - firebase_database (from `.symlinks/plugins/firebase_database/ios`)
  - Flutter (from `Flutter`)

SPEC REPOS:
  trunk:
    - Firebase
    - FirebaseAppCheckInterop
    - FirebaseCore
    - FirebaseCoreInternal
    - FirebaseDatabase
    - FirebaseSharedSwift
    - GoogleUtilities
    - leveldb-library

EXTERNAL SOURCES:
  firebase_core:
    :path: ".symlinks/plugins/firebase_core/ios"
  firebase_database:
    :path: ".symlinks/plugins/firebase_database/ios"
  Flutter:
    :path: Flutter

SPEC CHECKSUMS:
  Firebase: 9a58fdbc9d8655ed7b79a19cf9690bb007d3d46d
  firebase_core: 8d5e24676350f15dd111aa59a88a1ae26605f9ba
  firebase_database: 81a6be0f69980977f630ab5944c49ec8e6f043da
  FirebaseAppCheckInterop: ba3dc604a89815379e61ec2365101608d365cf7d
  FirebaseCore: 0dbad74bda10b8fb9ca34ad8f375fb9dd3ebef7c
  FirebaseCoreInternal: fe5fa466aeb314787093a7dce9f0beeaad5a2a21
  FirebaseDatabase: d4b7fce656dcdf9bd8b2c2c29023fb2074b280e9
  FirebaseSharedSwift: f57ed48f4542b2d7eb4738f4f23ba443f78b3780
  Flutter: cabc95a1d2626b1b06e7179b784ebcf0c0cde467
  GoogleUtilities: 00c88b9a86066ef77f0da2fab05f65d7768ed8e1
  leveldb-library: cc8b8f8e013647a295ad3f8cd2ddf49a6f19be19

PODFILE CHECKSUM: f729ec230488624c55c4b53a59157751d422f3f2

COCOAPODS: 1.16.2
